
Microsoft Visual Studio Solution File, Format Version 12.00
# Visual Studio Version 16
VisualStudioVersion = 16.0.31005.135
MinimumVisualStudioVersion = 10.0.40219.1
Project("{FAE04EC0-301F-11D3-BF4B-00C04F79EFBC}") = "Entities", "Entities\Entities.csproj", "{C6FD9D1D-FDE8-4A11-A38C-DE497D02B51B}"
EndProject
Project("{FAE04EC0-301F-11D3-BF4B-00C04F79EFBC}") = "Core", "Core\Core.csproj", "{C3F445C8-62E9-447F-8FD1-E6D19C05ED56}"
EndProject
Project("{FAE04EC0-301F-11D3-BF4B-00C04F79EFBC}") = "DataAccess", "DataAccess\DataAccess.csproj", "{C92C513F-05CF-445A-B432-F673B91D2594}"
EndProject
Project("{FAE04EC0-301F-11D3-BF4B-00C04F79EFBC}") = "Business", "Business\Business.csproj", "{A10878FF-EAF0-47A9-BA3B-BC9C37704F02}"
EndProject
Project("{FAE04EC0-301F-11D3-BF4B-00C04F79EFBC}") = "WebAPI", "WebAPI\WebAPI.csproj", "{6E3BE885-4AFC-4D48-BA4A-E43B916A2FB8}"
EndProject
Global
	GlobalSection(SolutionConfigurationPlatforms) = preSolution
		Debug|Any CPU = Debug|Any CPU
		Release|Any CPU = Release|Any CPU
	EndGlobalSection
	GlobalSection(ProjectConfigurationPlatforms) = postSolution
		{C6FD9D1D-FDE8-4A11-A38C-DE497D02B51B}.Debug|Any CPU.ActiveCfg = Debug|Any CPU
		{C6FD9D1D-FDE8-4A11-A38C-DE497D02B51B}.Debug|Any CPU.Build.0 = Debug|Any CPU
		{C6FD9D1D-FDE8-4A11-A38C-DE497D02B51B}.Release|Any CPU.ActiveCfg = Release|Any CPU
		{C6FD9D1D-FDE8-4A11-A38C-DE497D02B51B}.Release|Any CPU.Build.0 = Release|Any CPU
		{C3F445C8-62E9-447F-8FD1-E6D19C05ED56}.Debug|Any CPU.ActiveCfg = Debug|Any CPU
		{C3F445C8-62E9-447F-8FD1-E6D19C05ED56}.Debug|Any CPU.Build.0 = Debug|Any CPU
		{C3F445C8-62E9-447F-8FD1-E6D19C05ED56}.Release|Any CPU.ActiveCfg = Release|Any CPU
		{C3F445C8-62E9-447F-8FD1-E6D19C05ED56}.Release|Any CPU.Build.0 = Release|Any CPU
		{C92C513F-05CF-445A-B432-F673B91D2594}.Debug|Any CPU.ActiveCfg = Debug|Any CPU
		{C92C513F-05CF-445A-B432-F673B91D2594}.Debug|Any CPU.Build.0 = Debug|Any CPU
		{C92C513F-05CF-445A-B432-F673B91D2594}.Release|Any CPU.ActiveCfg = Release|Any CPU
		{C92C513F-05CF-445A-B432-F673B91D2594}.Release|Any CPU.Build.0 = Release|Any CPU
		{A10878FF-EAF0-47A9-BA3B-BC9C37704F02}.Debug|Any CPU.ActiveCfg = Debug|Any CPU
		{A10878FF-EAF0-47A9-BA3B-BC9C37704F02}.Debug|Any CPU.Build.0 = Debug|Any CPU
		{A10878FF-EAF0-47A9-BA3B-BC9C37704F02}.Release|Any CPU.ActiveCfg = Release|Any CPU
		{A10878FF-EAF0-47A9-BA3B-BC9C37704F02}.Release|Any CPU.Build.0 = Release|Any CPU
		{6E3BE885-4AFC-4D48-BA4A-E43B916A2FB8}.Debug|Any CPU.ActiveCfg = Debug|Any CPU
		{6E3BE885-4AFC-4D48-BA4A-E43B916A2FB8}.Debug|Any CPU.Build.0 = Debug|Any CPU
		{6E3BE885-4AFC-4D48-BA4A-E43B916A2FB8}.Release|Any CPU.ActiveCfg = Release|Any CPU
		{6E3BE885-4AFC-4D48-BA4A-E43B916A2FB8}.Release|Any CPU.Build.0 = Release|Any CPU
	EndGlobalSection
	GlobalSection(SolutionProperties) = preSolution
		HideSolutionNode = FALSE
	EndGlobalSection
	GlobalSection(ExtensibilityGlobals) = postSolution
		SolutionGuid = {A50ACD57-0149-485E-866B-B608778611E5}
	EndGlobalSection
EndGlobal
